// !$*UTF8*$!
{
	archiveVersion = 1;
	classes = {
	};
	objectVersion = 50;
	objects = {

/* Begin PBXBuildFile section */
		B4C4E8C026B4ED7D003998DE /* AppDelegate.swift in Sources */ = {isa = PBXBuildFile; fileRef = B4C4E8BF26B4ED7D003998DE /* AppDelegate.swift */; };
		B4C4E8C226B4ED7D003998DE /* SceneDelegate.swift in Sources */ = {isa = PBXBuildFile; fileRef = B4C4E8C126B4ED7D003998DE /* SceneDelegate.swift */; };
		B4C4E8C426B4ED7D003998DE /* ViewController.swift in Sources */ = {isa = PBXBuildFile; fileRef = B4C4E8C326B4ED7D003998DE /* ViewController.swift */; };
		B4C4E8C726B4ED7D003998DE /* Main.storyboard in Resources */ = {isa = PBXBuildFile; fileRef = B4C4E8C526B4ED7D003998DE /* Main.storyboard */; };
		B4C4E8C926B4ED7F003998DE /* Assets.xcassets in Resources */ = {isa = PBXBuildFile; fileRef = B4C4E8C826B4ED7F003998DE /* Assets.xcassets */; };
		B4C4E8CC26B4ED7F003998DE /* LaunchScreen.storyboard in Resources */ = {isa = PBXBuildFile; fileRef = B4C4E8CA26B4ED7F003998DE /* LaunchScreen.storyboard */; };
/* End PBXBuildFile section */

/* Begin PBXFileReference section */
		B4C4E8BC26B4ED7D003998DE /* TempConventer.app */ = {isa = PBXFileReference; explicitFileType = wrapper.application; includeInIndex = 0; path = TempConventer.app; sourceTree = BUILT_PRODUCTS_DIR; };
		B4C4E8BF26B4ED7D003998DE /* AppDelegate.swift */ = {isa = PBXFileReference; lastKnownFileType = sourcecode.swift; path = AppDelegate.swift; sourceTree = "<group>"; };
		B4C4E8C126B4ED7D003998DE /* SceneDelegate.swift */ = {isa = PBXFileReference; lastKnownFileType = sourcecode.swift; path = SceneDelegate.swift; sourceTree = "<group>"; };
		B4C4E8C326B4ED7D003998DE /* ViewController.swift */ = {isa = PBXFileReference; lastKnownFileType = sourcecode.swift; path = ViewController.swift; sourceTree = "<group>"; };
		B4C4E8C626B4ED7D003998DE /* Base */ = {isa = PBXFileReference; lastKnownFileType = file.storyboard; name = Base; path = Base.lproj/Main.storyboard; sourceTree = "<group>"; };
		B4C4E8C826B4ED7F003998DE /* Assets.xcassets */ = {isa = PBXFileReference; lastKnownFileType = folder.assetcatalog; path = Assets.xcassets; sourceTree = "<group>"; };
		B4C4E8CB26B4ED7F003998DE /* Base */ = {isa = PBXFileReference; lastKnownFileType = file.storyboard; name = Base; path = Base.lproj/LaunchScreen.storyboard; sourceTree = "<group>"; };
		B4C4E8CD26B4ED7F003998DE /* Info.plist */ = {isa = PBXFileReference; lastKnownFileType = text.plist.xml; path = Info.plist; sourceTree = "<group>"; };
/* End PBXFileReference section */

/* Begin PBXFrameworksBuildPhase section */
		B4C4E8B926B4ED7D003998DE /* Frameworks */ = {
			isa = PBXFrameworksBuildPhase;
			buildActionMask = 2147483647;
			files = (
			);
			runOnlyForDeploymentPostprocessing = 0;
		};
/* End PBXFrameworksBuildPhase section */

/* Begin PBXGroup section */
		B4C4E8B326B4ED7D003998DE = {
			isa = PBXGroup;
			children = (
				B4C4E8BE26B4ED7D003998DE /* TempConventer */,
				B4C4E8BD26B4ED7D003998DE /* Products */,
			);
			sourceTree = "<group>";
		};
		B4C4E8BD26B4ED7D003998DE /* Products */ = {
			isa = PBXGroup;
			children = (
				B4C4E8BC26B4ED7D003998DE /* TempConventer.app */,
			);
			name = Products;
			sourceTree = "<group>";
		};
		B4C4E8BE26B4ED7D003998DE /* TempConventer */ = {
			isa = PBXGroup;
			children = (
				B4C4E8BF26B4ED7D003998DE /* AppDelegate.swift */,
				B4C4E8C126B4ED7D003998DE /* SceneDelegate.swift */,
				B4C4E8C326B4ED7D003998DE /* ViewController.swift */,
				B4C4E8C526B4ED7D003998DE /* Main.storyboard */,
				B4C4E8C826B4ED7F003998DE /* Assets.xcassets */,
				B4C4E8CA26B4ED7F003998DE /* LaunchScreen.storyboard */,
				B4C4E8CD26B4ED7F003998DE /* Info.plist */,
			);
			path = TempConventer;
			sourceTree = "<group>";
		};
/* End PBXGroup section */

/* Begin PBXNativeTarget section */
		B4C4E8BB26B4ED7D003998DE /* TempConventer */ = {
			isa = PBXNativeTarget;
			buildConfigurationList = B4C4E8D026B4ED7F003998DE /* Build configuration list for PBXNativeTarget "TempConventer" */;
			buildPhases = (
				B4C4E8B826B4ED7D003998DE /* Sources */,
				B4C4E8B926B4ED7D003998DE /* Frameworks */,
				B4C4E8BA26B4ED7D003998DE /* Resources */,
			);
			buildRules = (
			);
			dependencies = (
			);
			name = TempConventer;
			productName = TempConventer;
			productReference = B4C4E8BC26B4ED7D003998DE /* TempConventer.app */;
			productType = "com.apple.product-type.application";
		};
/* End PBXNativeTarget section */

/* Begin PBXProject section */
		B4C4E8B426B4ED7D003998DE /* Project object */ = {
			isa = PBXProject;
			attributes = {
				LastSwiftUpdateCheck = 1250;
				LastUpgradeCheck = 1250;
				TargetAttributes = {
					B4C4E8BB26B4ED7D003998DE = {
						CreatedOnToolsVersion = 12.5.1;
					};
				};
			};
			buildConfigurationList = B4C4E8B726B4ED7D003998DE /* Build configuration list for PBXProject "TempConventer" */;
			compatibilityVersion = "Xcode 9.3";
			developmentRegion = en;
			hasScannedForEncodings = 0;
			knownRegions = (
				en,
				Base,
			);
			mainGroup = B4C4E8B326B4ED7D003998DE;
			productRefGroup = B4C4E8BD26B4ED7D003998DE /* Products */;
			projectDirPath = "";
			projectRoot = "";
			targets = (
				B4C4E8BB26B4ED7D003998DE /* TempConventer */,
			);
		};
/* End PBXProject section */

/* Begin PBXResourcesBuildPhase section */
		B4C4E8BA26B4ED7D003998DE /* Resources */ = {
			isa = PBXResourcesBuildPhase;
			buildActionMask = 2147483647;
			files = (
				B4C4E8CC26B4ED7F003998DE /* LaunchScreen.storyboard in Resources */,
				B4C4E8C926B4ED7F003998DE /* Assets.xcassets in Resources */,
				B4C4E8C726B4ED7D003998DE /* Main.storyboard in Resources */,
			);
			runOnlyForDeploymentPostprocessing = 0;
		};
/* End PBXResourcesBuildPhase section */

/* Begin PBXSourcesBuildPhase section */
		B4C4E8B826B4ED7D003998DE /* Sources */ = {
			isa = PBXSourcesBuildPhase;
			buildActionMask = 2147483647;
			files = (
				B4C4E8C426B4ED7D003998DE /* ViewController.swift in Sources */,
				B4C4E8C026B4ED7D003998DE /* AppDelegate.swift in Sources */,
				B4C4E8C226B4ED7D003998DE /* SceneDelegate.swift in Sources */,
			);
			runOnlyForDeploymentPostprocessing = 0;
		};
/* End PBXSourcesBuildPhase section */

/* Begin PBXVariantGroup section */
		B4C4E8C526B4ED7D003998DE /* Main.storyboard */ = {
			isa = PBXVariantGroup;
			children = (
				B4C4E8C626B4ED7D003998DE /* Base */,
			);
			name = Main.storyboard;
			sourceTree = "<group>";
		};
		B4C4E8CA26B4ED7F003998DE /* LaunchScreen.storyboard */ = {
			isa = PBXVariantGroup;
			children = (
				B4C4E8CB26B4ED7F003998DE /* Base */,
			);
			name = LaunchScreen.storyboard;
			sourceTree = "<group>";
		};
/* End PBXVariantGroup section */

/* Begin XCBuildConfiguration section */
		B4C4E8CE26B4ED7F003998DE /* Debug */ = {
			isa = XCBuildConfiguration;
			buildSettings = {
				ALWAYS_SEARCH_USER_PATHS = NO;
				CLANG_ANALYZER_NONNULL = YES;
				CLANG_ANALYZER_NUMBER_OBJECT_CONVERSION = YES_AGGRESSIVE;
				CLANG_CXX_LANGUAGE_STANDARD = "gnu++14";
				CLANG_CXX_LIBRARY = "libc++";
				CLANG_ENABLE_MODULES = YES;
				CLANG_ENABLE_OBJC_ARC = YES;
				CLANG_ENABLE_OBJC_WEAK = YES;
				CLANG_WARN_BLOCK_CAPTURE_AUTORELEASING = YES;
				CLANG_WARN_BOOL_CONVERSION = YES;
				CLANG_WARN_COMMA = YES;
				CLANG_WARN_CONSTANT_CONVERSION = YES;
				CLANG_WARN_DEPRECATED_OBJC_IMPLEMENTATIONS = YES;
				CLANG_WARN_DIRECT_OBJC_ISA_USAGE = YES_ERROR;
				CLANG_WARN_DOCUMENTATION_COMMENTS = YES;
				CLANG_WARN_EMPTY_BODY = YES;
				CLANG_WARN_ENUM_CONVERSION = YES;
				CLANG_WARN_INFINITE_RECURSION = YES;
				CLANG_WARN_INT_CONVERSION = YES;
				CLANG_WARN_NON_LITERAL_NULL_CONVERSION = YES;
				CLANG_WARN_OBJC_IMPLICIT_RETAIN_SELF = YES;
				CLANG_WARN_OBJC_LITERAL_CONVERSION = YES;
				CLANG_WARN_OBJC_ROOT_CLASS = YES_ERROR;
				CLANG_WARN_QUOTED_INCLUDE_IN_FRAMEWORK_HEADER = YES;
				CLANG_WARN_RANGE_LOOP_ANALYSIS = YES;
				CLANG_WARN_STRICT_PROTOTYPES = YES;
				CLANG_WARN_SUSPICIOUS_MOVE = YES;
				CLANG_WARN_UNGUARDED_AVAILABILITY = YES_AGGRESSIVE;
				CLANG_WARN_UNREACHABLE_CODE = YES;
				CLANG_WARN__DUPLICATE_METHOD_MATCH = YES;
				COPY_PHASE_STRIP = NO;
				DEBUG_INFORMATION_FORMAT = dwarf;
				ENABLE_STRICT_OBJC_MSGSEND = YES;
				ENABLE_TESTABILITY = YES;
				GCC_C_LANGUAGE_STANDARD = gnu11;
				GCC_DYNAMIC_NO_PIC = NO;
				GCC_NO_COMMON_BLOCKS = YES;
				GCC_OPTIMIZATION_LEVEL = 0;
				GCC_PREPROCESSOR_DEFINITIONS = (
					"DEBUG=1",
					"$(inherited)",
				);
				GCC_WARN_64_TO_32_BIT_CONVERSION = YES;
				GCC_WARN_ABOUT_RETURN_TYPE = YES_ERROR;
				GCC_WARN_UNDECLARED_SELECTOR = YES;
				GCC_WARN_UNINITIALIZED_AUTOS = YES_AGGRESSIVE;
				GCC_WARN_UNUSED_FUNCTION = YES;
				GCC_WARN_UNUSED_VARIABLE = YES;
				IPHONEOS_DEPLOYMENT_TARGET = 14.5;
				MTL_ENABLE_DEBUG_INFO = INCLUDE_SOURCE;
				MTL_FAST_MATH = YES;
				ONLY_ACTIVE_ARCH = YES;
				SDKROOT = iphoneos;
				SWIFT_ACTIVE_COMPILATION_CONDITIONS = DEBUG;
				SWIFT_OPTIMIZATION_LEVEL = "-Onone";
			};
			name = Debug;
		};
		B4C4E8CF26B4ED7F003998DE /* Release */ = {
			isa = XCBuildConfiguration;
			buildSettings = {
				ALWAYS_SEARCH_USER_PATHS = NO;
				CLANG_ANALYZER_NONNULL = YES;
				CLANG_ANALYZER_NUMBER_OBJECT_CONVERSION = YES_AGGRESSIVE;
				CLANG_CXX_LANGUAGE_STANDARD = "gnu++14";
				CLANG_CXX_LIBRARY = "libc++";
				CLANG_ENABLE_MODULES = YES;
				CLANG_ENABLE_OBJC_ARC = YES;
				CLANG_ENABLE_OBJC_WEAK = YES;
				CLANG_WARN_BLOCK_CAPTURE_AUTORELEASING = YES;
				CLANG_WARN_BOOL_CONVERSION = YES;
				CLANG_WARN_COMMA = YES;
				CLANG_WARN_CONSTANT_CONVERSION = YES;
				CLANG_WARN_DEPRECATED_OBJC_IMPLEMENTATIONS = YES;
				CLANG_WARN_DIRECT_OBJC_ISA_USAGE = YES_ERROR;
				CLANG_WARN_DOCUMENTATION_COMMENTS = YES;
				CLANG_WARN_EMPTY_BODY = YES;
				CLANG_WARN_ENUM_CONVERSION = YES;
				CLANG_WARN_INFINITE_RECURSION = YES;
				CLANG_WARN_INT_CONVERSION = YES;
				CLANG_WARN_NON_LITERAL_NULL_CONVERSION = YES;
				CLANG_WARN_OBJC_IMPLICIT_RETAIN_SELF = YES;
				CLANG_WARN_OBJC_LITERAL_CONVERSION = YES;
				CLANG_WARN_OBJC_ROOT_CLASS = YES_ERROR;
				CLANG_WARN_QUOTED_INCLUDE_IN_FRAMEWORK_HEADER = YES;
				CLANG_WARN_RANGE_LOOP_ANALYSIS = YES;
				CLANG_WARN_STRICT_PROTOTYPES = YES;
				CLANG_WARN_SUSPICIOUS_MOVE = YES;
				CLANG_WARN_UNGUARDED_AVAILABILITY = YES_AGGRESSIVE;
				CLANG_WARN_UNREACHABLE_CODE = YES;
				CLANG_WARN__DUPLICATE_METHOD_MATCH = YES;
				COPY_PHASE_STRIP = NO;
				DEBUG_INFORMATION_FORMAT = "dwarf-with-dsym";
				ENABLE_NS_ASSERTIONS = NO;
				ENABLE_STRICT_OBJC_MSGSEND = YES;
				GCC_C_LANGUAGE_STANDARD = gnu11;
				GCC_NO_COMMON_BLOCKS = YES;
				GCC_WARN_64_TO_32_BIT_CONVERSION = YES;
				GCC_WARN_ABOUT_RETURN_TYPE = YES_ERROR;
				GCC_WARN_UNDECLARED_SELECTOR = YES;
				GCC_WARN_UNINITIALIZED_AUTOS = YES_AGGRESSIVE;
				GCC_WARN_UNUSED_FUNCTION = YES;
				GCC_WARN_UNUSED_VARIABLE = YES;
				IPHONEOS_DEPLOYMENT_TARGET = 14.5;
				MTL_ENABLE_DEBUG_INFO = NO;
				MTL_FAST_MATH = YES;
				SDKROOT = iphoneos;
				SWIFT_COMPILATION_MODE = wholemodule;
				SWIFT_OPTIMIZATION_LEVEL = "-O";
				VALIDATE_PRODUCT = YES;
			};
			name = Release;
		};
		B4C4E8D126B4ED7F003998DE /* Debug */ = {
			isa = XCBuildConfiguration;
			buildSettings = {
				ASSETCATALOG_COMPILER_APPICON_NAME = AppIcon;
				ASSETCATALOG_COMPILER_GLOBAL_ACCENT_COLOR_NAME = AccentColor;
				CODE_SIGN_STYLE = Automatic;
				DEVELOPMENT_TEAM = B73ANP632K;
				INFOPLIST_FILE = TempConventer/Info.plist;
				LD_RUNPATH_SEARCH_PATHS = (
					"$(inherited)",
					"@executable_path/Frameworks",
				);
				PRODUCT_BUNDLE_IDENTIFIER = "com.up-co.TempConventer";
				PRODUCT_NAME = "$(TARGET_NAME)";
				SWIFT_VERSION = 5.0;
				TARGETED_DEVICE_FAMILY = "1,2";
			};
			name = Debug;
		};
		B4C4E8D226B4ED7F003998DE /* Release */ = {
			isa = XCBuildConfiguration;
			buildSettings = {
				ASSETCATALOG_COMPILER_APPICON_NAME = AppIcon;
				ASSETCATALOG_COMPILER_GLOBAL_ACCENT_COLOR_NAME = AccentColor;
				CODE_SIGN_STYLE = Automatic;
				DEVELOPMENT_TEAM = B73ANP632K;
				INFOPLIST_FILE = TempConventer/Info.plist;
				LD_RUNPATH_SEARCH_PATHS = (
					"$(inherited)",
					"@executable_path/Frameworks",
				);
				PRODUCT_BUNDLE_IDENTIFIER = "com.up-co.TempConventer";
				PRODUCT_NAME = "$(TARGET_NAME)";
				SWIFT_VERSION = 5.0;
				TARGETED_DEVICE_FAMILY = "1,2";
			};
			name = Release;
		};
/* End XCBuildConfiguration section */

/* Begin XCConfigurationList section */
		B4C4E8B726B4ED7D003998DE /* Build configuration list for PBXProject "TempConventer" */ = {
			isa = XCConfigurationList;
			buildConfigurations = (
				B4C4E8CE26B4ED7F003998DE /* Debug */,
				B4C4E8CF26B4ED7F003998DE /* Release */,
			);
			defaultConfigurationIsVisible = 0;
			defaultConfigurationName = Release;
		};
		B4C4E8D026B4ED7F003998DE /* Build configuration list for PBXNativeTarget "TempConventer" */ = {
			isa = XCConfigurationList;
			buildConfigurations = (
				B4C4E8D126B4ED7F003998DE /* Debug */,
				B4C4E8D226B4ED7F003998DE /* Release */,
			);
			defaultConfigurationIsVisible = 0;
			defaultConfigurationName = Release;
		};
/* End XCConfigurationList section */
	};
	rootObject = B4C4E8B426B4ED7D003998DE /* Project object */;
}
